PODS:
  - MTOPagerViewController (1.0.0):
    - MTOPagerViewController/Core (= 1.0.0)
  - MTOPagerViewController/Core (1.0.0)
  - MTOPagerViewController/PagerMenuView (1.0.0):
    - MTOPagerViewController/Core

DEPENDENCIES:
  - MTOPagerViewController (from `.`)
  - MTOPagerViewController/PagerMenuView (from `.`)

EXTERNAL SOURCES:
  MTOPagerViewController:
    :path: "."

SPEC CHECKSUMS:
  MTOPagerViewController: 0b83b24cfa1663973c66a1877b3ff15622b437b3

PODFILE CHECKSUM: 8433188195a06fb0cc724f2afbbd42f8a5ef4c8e

COCOAPODS: 1.1.1
